// !$*UTF8*$!
{
	archiveVersion = 1;
	classes = {
	};
	objectVersion = 50;
	objects = {

/* Begin PBXBuildFile section */
		18E95C8222EA347300BE6109 /* AppDelegate.swift in Sources */ = {isa = PBXBuildFile; fileRef = 18E95C8122EA347300BE6109 /* AppDelegate.swift */; };
		18E95C8422EA347300BE6109 /* ViewController.swift in Sources */ = {isa = PBXBuildFile; fileRef = 18E95C8322EA347300BE6109 /* ViewController.swift */; };
		18E95C8722EA347400BE6109 /* Main.storyboard in Resources */ = {isa = PBXBuildFile; fileRef = 18E95C8522EA347400BE6109 /* Main.storyboard */; };
		18E95C8922EA347500BE6109 /* Assets.xcassets in Resources */ = {isa = PBXBuildFile; fileRef = 18E95C8822EA347500BE6109 /* Assets.xcassets */; };
		18E95C8C22EA347500BE6109 /* LaunchScreen.storyboard in Resources */ = {isa = PBXBuildFile; fileRef = 18E95C8A22EA347500BE6109 /* LaunchScreen.storyboard */; };
		18E95C9722EA347500BE6109 /* EmojionalTests.swift in Sources */ = {isa = PBXBuildFile; fileRef = 18E95C9622EA347500BE6109 /* EmojionalTests.swift */; };
		18E95CA222EA347500BE6109 /* EmojionalUITests.swift in Sources */ = {isa = PBXBuildFile; fileRef = 18E95CA122EA347500BE6109 /* EmojionalUITests.swift */; };
/* End PBXBuildFile section */

/* Begin PBXContainerItemProxy section */
		18E95C9322EA347500BE6109 /* PBXContainerItemProxy */ = {
			isa = PBXContainerItemProxy;
			containerPortal = 18E95C7622EA347300BE6109 /* Project object */;
			proxyType = 1;
			remoteGlobalIDString = 18E95C7D22EA347300BE6109;
			remoteInfo = Emojional;
		};
		18E95C9E22EA347500BE6109 /* PBXContainerItemProxy */ = {
			isa = PBXContainerItemProxy;
			containerPortal = 18E95C7622EA347300BE6109 /* Project object */;
			proxyType = 1;
			remoteGlobalIDString = 18E95C7D22EA347300BE6109;
			remoteInfo = Emojional;
		};
/* End PBXContainerItemProxy section */

/* Begin PBXFileReference section */
		18E95C7E22EA347300BE6109 /* Emojional.app */ = {isa = PBXFileReference; explicitFileType = wrapper.application; includeInIndex = 0; path = Emojional.app; sourceTree = BUILT_PRODUCTS_DIR; };
		18E95C8122EA347300BE6109 /* AppDelegate.swift */ = {isa = PBXFileReference; lastKnownFileType = sourcecode.swift; path = AppDelegate.swift; sourceTree = "<group>"; };
		18E95C8322EA347300BE6109 /* ViewController.swift */ = {isa = PBXFileReference; lastKnownFileType = sourcecode.swift; path = ViewController.swift; sourceTree = "<group>"; };
		18E95C8622EA347400BE6109 /* Base */ = {isa = PBXFileReference; lastKnownFileType = file.storyboard; name = Base; path = Base.lproj/Main.storyboard; sourceTree = "<group>"; };
		18E95C8822EA347500BE6109 /* Assets.xcassets */ = {isa = PBXFileReference; lastKnownFileType = folder.assetcatalog; path = Assets.xcassets; sourceTree = "<group>"; };
		18E95C8B22EA347500BE6109 /* Base */ = {isa = PBXFileReference; lastKnownFileType = file.storyboard; name = Base; path = Base.lproj/LaunchScreen.storyboard; sourceTree = "<group>"; };
		18E95C8D22EA347500BE6109 /* Info.plist */ = {isa = PBXFileReference; lastKnownFileType = text.plist.xml; path = Info.plist; sourceTree = "<group>"; };
		18E95C9222EA347500BE6109 /* EmojionalTests.xctest */ = {isa = PBXFileReference; explicitFileType = wrapper.cfbundle; includeInIndex = 0; path = EmojionalTests.xctest; sourceTree = BUILT_PRODUCTS_DIR; };
		18E95C9622EA347500BE6109 /* EmojionalTests.swift */ = {isa = PBXFileReference; lastKnownFileType = sourcecode.swift; path = EmojionalTests.swift; sourceTree = "<group>"; };
		18E95C9822EA347500BE6109 /* Info.plist */ = {isa = PBXFileReference; lastKnownFileType = text.plist.xml; path = Info.plist; sourceTree = "<group>"; };
		18E95C9D22EA347500BE6109 /* EmojionalUITests.xctest */ = {isa = PBXFileReference; explicitFileType = wrapper.cfbundle; includeInIndex = 0; path = EmojionalUITests.xctest; sourceTree = BUILT_PRODUCTS_DIR; };
		18E95CA122EA347500BE6109 /* EmojionalUITests.swift */ = {isa = PBXFileReference; lastKnownFileType = sourcecode.swift; path = EmojionalUITests.swift; sourceTree = "<group>"; };
		18E95CA322EA347500BE6109 /* Info.plist */ = {isa = PBXFileReference; lastKnownFileType = text.plist.xml; path = Info.plist; sourceTree = "<group>"; };
/* End PBXFileReference section */

/* Begin PBXFrameworksBuildPhase section */
		18E95C7B22EA347300BE6109 /* Frameworks */ = {
			isa = PBXFrameworksBuildPhase;
			buildActionMask = 2147483647;
			files = (
			);
			runOnlyForDeploymentPostprocessing = 0;
		};
		18E95C8F22EA347500BE6109 /* Frameworks */ = {
			isa = PBXFrameworksBuildPhase;
			buildActionMask = 2147483647;
			files = (
			);
			runOnlyForDeploymentPostprocessing = 0;
		};
		18E95C9A22EA347500BE6109 /* Frameworks */ = {
			isa = PBXFrameworksBuildPhase;
			buildActionMask = 2147483647;
			files = (
			);
			runOnlyForDeploymentPostprocessing = 0;
		};
/* End PBXFrameworksBuildPhase section */

/* Begin PBXGroup section */
		18E95C7522EA347300BE6109 = {
			isa = PBXGroup;
			children = (
				18E95C8022EA347300BE6109 /* Emojional */,
				18E95C9522EA347500BE6109 /* EmojionalTests */,
				18E95CA022EA347500BE6109 /* EmojionalUITests */,
				18E95C7F22EA347300BE6109 /* Products */,
			);
			sourceTree = "<group>";
		};
		18E95C7F22EA347300BE6109 /* Products */ = {
			isa = PBXGroup;
			children = (
				18E95C7E22EA347300BE6109 /* Emojional.app */,
				18E95C9222EA347500BE6109 /* EmojionalTests.xctest */,
				18E95C9D22EA347500BE6109 /* EmojionalUITests.xctest */,
			);
			name = Products;
			sourceTree = "<group>";
		};
		18E95C8022EA347300BE6109 /* Emojional */ = {
			isa = PBXGroup;
			children = (
				18E95C8122EA347300BE6109 /* AppDelegate.swift */,
				18E95C8322EA347300BE6109 /* ViewController.swift */,
				18E95C8522EA347400BE6109 /* Main.storyboard */,
				18E95C8822EA347500BE6109 /* Assets.xcassets */,
				18E95C8A22EA347500BE6109 /* LaunchScreen.storyboard */,
				18E95C8D22EA347500BE6109 /* Info.plist */,
			);
			path = Emojional;
			sourceTree = "<group>";
		};
		18E95C9522EA347500BE6109 /* EmojionalTests */ = {
			isa = PBXGroup;
			children = (
				18E95C9622EA347500BE6109 /* EmojionalTests.swift */,
				18E95C9822EA347500BE6109 /* Info.plist */,
			);
			path = EmojionalTests;
			sourceTree = "<group>";
		};
		18E95CA022EA347500BE6109 /* EmojionalUITests */ = {
			isa = PBXGroup;
			children = (
				18E95CA122EA347500BE6109 /* EmojionalUITests.swift */,
				18E95CA322EA347500BE6109 /* Info.plist */,
			);
			path = EmojionalUITests;
			sourceTree = "<group>";
		};
/* End PBXGroup section */

/* Begin PBXNativeTarget section */
		18E95C7D22EA347300BE6109 /* Emojional */ = {
			isa = PBXNativeTarget;
			buildConfigurationList = 18E95CA622EA347500BE6109 /* Build configuration list for PBXNativeTarget "Emojional" */;
			buildPhases = (
				18E95C7A22EA347300BE6109 /* Sources */,
				18E95C7B22EA347300BE6109 /* Frameworks */,
				18E95C7C22EA347300BE6109 /* Resources */,
			);
			buildRules = (
			);
			dependencies = (
			);
			name = Emojional;
			productName = Emojional;
			productReference = 18E95C7E22EA347300BE6109 /* Emojional.app */;
			productType = "com.apple.product-type.application";
		};
		18E95C9122EA347500BE6109 /* EmojionalTests */ = {
			isa = PBXNativeTarget;
			buildConfigurationList = 18E95CA922EA347500BE6109 /* Build configuration list for PBXNativeTarget "EmojionalTests" */;
			buildPhases = (
				18E95C8E22EA347500BE6109 /* Sources */,
				18E95C8F22EA347500BE6109 /* Frameworks */,
				18E95C9022EA347500BE6109 /* Resources */,
			);
			buildRules = (
			);
			dependencies = (
				18E95C9422EA347500BE6109 /* PBXTargetDependency */,
			);
			name = EmojionalTests;
			productName = EmojionalTests;
			productReference = 18E95C9222EA347500BE6109 /* EmojionalTests.xctest */;
			productType = "com.apple.product-type.bundle.unit-test";
		};
		18E95C9C22EA347500BE6109 /* EmojionalUITests */ = {
			isa = PBXNativeTarget;
			buildConfigurationList = 18E95CAC22EA347500BE6109 /* Build configuration list for PBXNativeTarget "EmojionalUITests" */;
			buildPhases = (
				18E95C9922EA347500BE6109 /* Sources */,
				18E95C9A22EA347500BE6109 /* Frameworks */,
				18E95C9B22EA347500BE6109 /* Resources */,
			);
			buildRules = (
			);
			dependencies = (
				18E95C9F22EA347500BE6109 /* PBXTargetDependency */,
			);
			name = EmojionalUITests;
			productName = EmojionalUITests;
			productReference = 18E95C9D22EA347500BE6109 /* EmojionalUITests.xctest */;
			productType = "com.apple.product-type.bundle.ui-testing";
		};
/* End PBXNativeTarget section */

/* Begin PBXProject section */
		18E95C7622EA347300BE6109 /* Project object */ = {
			isa = PBXProject;
			attributes = {
				LastSwiftUpdateCheck = 1020;
				LastUpgradeCheck = 1020;
				ORGANIZATIONNAME = Apple;
				TargetAttributes = {
					18E95C7D22EA347300BE6109 = {
						CreatedOnToolsVersion = 10.2.1;
					};
					18E95C9122EA347500BE6109 = {
						CreatedOnToolsVersion = 10.2.1;
						TestTargetID = 18E95C7D22EA347300BE6109;
					};
					18E95C9C22EA347500BE6109 = {
						CreatedOnToolsVersion = 10.2.1;
						TestTargetID = 18E95C7D22EA347300BE6109;
					};
				};
			};
			buildConfigurationList = 18E95C7922EA347300BE6109 /* Build configuration list for PBXProject "Emojional" */;
			compatibilityVersion = "Xcode 9.3";
			developmentRegion = en;
			hasScannedForEncodings = 0;
			knownRegions = (
				en,
				Base,
			);
			mainGroup = 18E95C7522EA347300BE6109;
			productRefGroup = 18E95C7F22EA347300BE6109 /* Products */;
			projectDirPath = "";
			projectRoot = "";
			targets = (
				18E95C7D22EA347300BE6109 /* Emojional */,
				18E95C9122EA347500BE6109 /* EmojionalTests */,
				18E95C9C22EA347500BE6109 /* EmojionalUITests */,
			);
		};
/* End PBXProject section */

/* Begin PBXResourcesBuildPhase section */
		18E95C7C22EA347300BE6109 /* Resources */ = {
			isa = PBXResourcesBuildPhase;
			buildActionMask = 2147483647;
			files = (
				18E95C8C22EA347500BE6109 /* LaunchScreen.storyboard in Resources */,
				18E95C8922EA347500BE6109 /* Assets.xcassets in Resources */,
				18E95C8722EA347400BE6109 /* Main.storyboard in Resources */,
			);
			runOnlyForDeploymentPostprocessing = 0;
		};
		18E95C9022EA347500BE6109 /* Resources */ = {
			isa = PBXResourcesBuildPhase;
			buildActionMask = 2147483647;
			files = (
			);
			runOnlyForDeploymentPostprocessing = 0;
		};
		18E95C9B22EA347500BE6109 /* Resources */ = {
			isa = PBXResourcesBuildPhase;
			buildActionMask = 2147483647;
			files = (
			);
			runOnlyForDeploymentPostprocessing = 0;
		};
/* End PBXResourcesBuildPhase section */

/* Begin PBXSourcesBuildPhase section */
		18E95C7A22EA347300BE6109 /* Sources */ = {
			isa = PBXSourcesBuildPhase;
			buildActionMask = 2147483647;
			files = (
				18E95C8422EA347300BE6109 /* ViewController.swift in Sources */,
				18E95C8222EA347300BE6109 /* AppDelegate.swift in Sources */,
			);
			runOnlyForDeploymentPostprocessing = 0;
		};
		18E95C8E22EA347500BE6109 /* Sources */ = {
			isa = PBXSourcesBuildPhase;
			buildActionMask = 2147483647;
			files = (
				18E95C9722EA347500BE6109 /* EmojionalTests.swift in Sources */,
			);
			runOnlyForDeploymentPostprocessing = 0;
		};
		18E95C9922EA347500BE6109 /* Sources */ = {
			isa = PBXSourcesBuildPhase;
			buildActionMask = 2147483647;
			files = (
				18E95CA222EA347500BE6109 /* EmojionalUITests.swift in Sources */,
			);
			runOnlyForDeploymentPostprocessing = 0;
		};
/* End PBXSourcesBuildPhase section */

/* Begin PBXTargetDependency section */
		18E95C9422EA347500BE6109 /* PBXTargetDependency */ = {
			isa = PBXTargetDependency;
			target = 18E95C7D22EA347300BE6109 /* Emojional */;
			targetProxy = 18E95C9322EA347500BE6109 /* PBXContainerItemProxy */;
		};
		18E95C9F22EA347500BE6109 /* PBXTargetDependency */ = {
			isa = PBXTargetDependency;
			target = 18E95C7D22EA347300BE6109 /* Emojional */;
			targetProxy = 18E95C9E22EA347500BE6109 /* PBXContainerItemProxy */;
		};
/* End PBXTargetDependency section */

/* Begin PBXVariantGroup section */
		18E95C8522EA347400BE6109 /* Main.storyboard */ = {
			isa = PBXVariantGroup;
			children = (
				18E95C8622EA347400BE6109 /* Base */,
			);
			name = Main.storyboard;
			sourceTree = "<group>";
		};
		18E95C8A22EA347500BE6109 /* LaunchScreen.storyboard */ = {
			isa = PBXVariantGroup;
			children = (
				18E95C8B22EA347500BE6109 /* Base */,
			);
			name = LaunchScreen.storyboard;
			sourceTree = "<group>";
		};
/* End PBXVariantGroup section */

/* Begin XCBuildConfiguration section */
		18E95CA422EA347500BE6109 /* Debug */ = {
			isa = XCBuildConfiguration;
			buildSettings = {
				ALWAYS_SEARCH_USER_PATHS = NO;
				CLANG_ANALYZER_NONNULL = YES;
				CLANG_ANALYZER_NUMBER_OBJECT_CONVERSION = YES_AGGRESSIVE;
				CLANG_CXX_LANGUAGE_STANDARD = "gnu++14";
				CLANG_CXX_LIBRARY = "libc++";
				CLANG_ENABLE_MODULES = YES;
				CLANG_ENABLE_OBJC_ARC = YES;
				CLANG_ENABLE_OBJC_WEAK = YES;
				CLANG_WARN_BLOCK_CAPTURE_AUTORELEASING = YES;
				CLANG_WARN_BOOL_CONVERSION = YES;
				CLANG_WARN_COMMA = YES;
				CLANG_WARN_CONSTANT_CONVERSION = YES;
				CLANG_WARN_DEPRECATED_OBJC_IMPLEMENTATIONS = YES;
				CLANG_WARN_DIRECT_OBJC_ISA_USAGE = YES_ERROR;
				CLANG_WARN_DOCUMENTATION_COMMENTS = YES;
				CLANG_WARN_EMPTY_BODY = YES;
				CLANG_WARN_ENUM_CONVERSION = YES;
				CLANG_WARN_INFINITE_RECURSION = YES;
				CLANG_WARN_INT_CONVERSION = YES;
				CLANG_WARN_NON_LITERAL_NULL_CONVERSION = YES;
				CLANG_WARN_OBJC_IMPLICIT_RETAIN_SELF = YES;
				CLANG_WARN_OBJC_LITERAL_CONVERSION = YES;
				CLANG_WARN_OBJC_ROOT_CLASS = YES_ERROR;
				CLANG_WARN_RANGE_LOOP_ANALYSIS = YES;
				CLANG_WARN_STRICT_PROTOTYPES = YES;
				CLANG_WARN_SUSPICIOUS_MOVE = YES;
				CLANG_WARN_UNGUARDED_AVAILABILITY = YES_AGGRESSIVE;
				CLANG_WARN_UNREACHABLE_CODE = YES;
				CLANG_WARN__DUPLICATE_METHOD_MATCH = YES;
				CODE_SIGN_IDENTITY = "iPhone Developer";
				COPY_PHASE_STRIP = NO;
				DEBUG_INFORMATION_FORMAT = dwarf;
				ENABLE_STRICT_OBJC_MSGSEND = YES;
				ENABLE_TESTABILITY = YES;
				GCC_C_LANGUAGE_STANDARD = gnu11;
				GCC_DYNAMIC_NO_PIC = NO;
				GCC_NO_COMMON_BLOCKS = YES;
				GCC_OPTIMIZATION_LEVEL = 0;
				GCC_PREPROCESSOR_DEFINITIONS = (
					"DEBUG=1",
					"$(inherited)",
				);
				GCC_WARN_64_TO_32_BIT_CONVERSION = YES;
				GCC_WARN_ABOUT_RETURN_TYPE = YES_ERROR;
				GCC_WARN_UNDECLARED_SELECTOR = YES;
				GCC_WARN_UNINITIALIZED_AUTOS = YES_AGGRESSIVE;
				GCC_WARN_UNUSED_FUNCTION = YES;
				GCC_WARN_UNUSED_VARIABLE = YES;
				IPHONEOS_DEPLOYMENT_TARGET = 12.2;
				MTL_ENABLE_DEBUG_INFO = INCLUDE_SOURCE;
				MTL_FAST_MATH = YES;
				ONLY_ACTIVE_ARCH = YES;
				SDKROOT = iphoneos;
				SWIFT_ACTIVE_COMPILATION_CONDITIONS = DEBUG;
				SWIFT_OPTIMIZATION_LEVEL = "-Onone";
			};
			name = Debug;
		};
		18E95CA522EA347500BE6109 /* Release */ = {
			isa = XCBuildConfiguration;
			buildSettings = {
				ALWAYS_SEARCH_USER_PATHS = NO;
				CLANG_ANALYZER_NONNULL = YES;
				CLANG_ANALYZER_NUMBER_OBJECT_CONVERSION = YES_AGGRESSIVE;
				CLANG_CXX_LANGUAGE_STANDARD = "gnu++14";
				CLANG_CXX_LIBRARY = "libc++";
				CLANG_ENABLE_MODULES = YES;
				CLANG_ENABLE_OBJC_ARC = YES;
				CLANG_ENABLE_OBJC_WEAK = YES;
				CLANG_WARN_BLOCK_CAPTURE_AUTORELEASING = YES;
				CLANG_WARN_BOOL_CONVERSION = YES;
				CLANG_WARN_COMMA = YES;
				CLANG_WARN_CONSTANT_CONVERSION = YES;
				CLANG_WARN_DEPRECATED_OBJC_IMPLEMENTATIONS = YES;
				CLANG_WARN_DIRECT_OBJC_ISA_USAGE = YES_ERROR;
				CLANG_WARN_DOCUMENTATION_COMMENTS = YES;
				CLANG_WARN_EMPTY_BODY = YES;
				CLANG_WARN_ENUM_CONVERSION = YES;
				CLANG_WARN_INFINITE_RECURSION = YES;
				CLANG_WARN_INT_CONVERSION = YES;
				CLANG_WARN_NON_LITERAL_NULL_CONVERSION = YES;
				CLANG_WARN_OBJC_IMPLICIT_RETAIN_SELF = YES;
				CLANG_WARN_OBJC_LITERAL_CONVERSION = YES;
				CLANG_WARN_OBJC_ROOT_CLASS = YES_ERROR;
				CLANG_WARN_RANGE_LOOP_ANALYSIS = YES;
				CLANG_WARN_STRICT_PROTOTYPES = YES;
				CLANG_WARN_SUSPICIOUS_MOVE = YES;
				CLANG_WARN_UNGUARDED_AVAILABILITY = YES_AGGRESSIVE;
				CLANG_WARN_UNREACHABLE_CODE = YES;
				CLANG_WARN__DUPLICATE_METHOD_MATCH = YES;
				CODE_SIGN_IDENTITY = "iPhone Developer";
				COPY_PHASE_STRIP = NO;
				DEBUG_INFORMATION_FORMAT = "dwarf-with-dsym";
				ENABLE_NS_ASSERTIONS = NO;
				ENABLE_STRICT_OBJC_MSGSEND = YES;
				GCC_C_LANGUAGE_STANDARD = gnu11;
				GCC_NO_COMMON_BLOCKS = YES;
				GCC_WARN_64_TO_32_BIT_CONVERSION = YES;
				GCC_WARN_ABOUT_RETURN_TYPE = YES_ERROR;
				GCC_WARN_UNDECLARED_SELECTOR = YES;
				GCC_WARN_UNINITIALIZED_AUTOS = YES_AGGRESSIVE;
				GCC_WARN_UNUSED_FUNCTION = YES;
				GCC_WARN_UNUSED_VARIABLE = YES;
				IPHONEOS_DEPLOYMENT_TARGET = 12.2;
				MTL_ENABLE_DEBUG_INFO = NO;
				MTL_FAST_MATH = YES;
				SDKROOT = iphoneos;
				SWIFT_COMPILATION_MODE = wholemodule;
				SWIFT_OPTIMIZATION_LEVEL = "-O";
				VALIDATE_PRODUCT = YES;
			};
			name = Release;
		};
		18E95CA722EA347500BE6109 /* Debug */ = {
			isa = XCBuildConfiguration;
			buildSettings = {
				ASSETCATALOG_COMPILER_APPICON_NAME = AppIcon;
				CODE_SIGN_STYLE = Automatic;
				INFOPLIST_FILE = Emojional/Info.plist;
				LD_RUNPATH_SEARCH_PATHS = (
					"$(inherited)",
					"@executable_path/Frameworks",
				);
				PRODUCT_BUNDLE_IDENTIFIER = Sharayu.Emojional;
				PRODUCT_NAME = "$(TARGET_NAME)";
				SWIFT_VERSION = 5.0;
				TARGETED_DEVICE_FAMILY = "1,2";
			};
			name = Debug;
		};
		18E95CA822EA347500BE6109 /* Release */ = {
			isa = XCBuildConfiguration;
			buildSettings = {
				ASSETCATALOG_COMPILER_APPICON_NAME = AppIcon;
				CODE_SIGN_STYLE = Automatic;
				INFOPLIST_FILE = Emojional/Info.plist;
				LD_RUNPATH_SEARCH_PATHS = (
					"$(inherited)",
					"@executable_path/Frameworks",
				);
				PRODUCT_BUNDLE_IDENTIFIER = Sharayu.Emojional;
				PRODUCT_NAME = "$(TARGET_NAME)";
				SWIFT_VERSION = 5.0;
				TARGETED_DEVICE_FAMILY = "1,2";
			};
			name = Release;
		};
		18E95CAA22EA347500BE6109 /* Debug */ = {
			isa = XCBuildConfiguration;
			buildSettings = {
				ALWAYS_EMBED_SWIFT_STANDARD_LIBRARIES = YES;
				BUNDLE_LOADER = "$(TEST_HOST)";
				CODE_SIGN_STYLE = Automatic;
				INFOPLIST_FILE = EmojionalTests/Info.plist;
				LD_RUNPATH_SEARCH_PATHS = (
					"$(inherited)",
					"@executable_path/Frameworks",
					"@loader_path/Frameworks",
				);
				PRODUCT_BUNDLE_IDENTIFIER = Sharayu.EmojionalTests;
				PRODUCT_NAME = "$(TARGET_NAME)";
				SWIFT_VERSION = 5.0;
				TARGETED_DEVICE_FAMILY = "1,2";
				TEST_HOST = "$(BUILT_PRODUCTS_DIR)/Emojional.app/Emojional";
			};
			name = Debug;
		};
		18E95CAB22EA347500BE6109 /* Release */ = {
			isa = XCBuildConfiguration;
			buildSettings = {
				ALWAYS_EMBED_SWIFT_STANDARD_LIBRARIES = YES;
				BUNDLE_LOADER = "$(TEST_HOST)";
				CODE_SIGN_STYLE = Automatic;
				INFOPLIST_FILE = EmojionalTests/Info.plist;
				LD_RUNPATH_SEARCH_PATHS = (
					"$(inherited)",
					"@executable_path/Frameworks",
					"@loader_path/Frameworks",
				);
				PRODUCT_BUNDLE_IDENTIFIER = Sharayu.EmojionalTests;
				PRODUCT_NAME = "$(TARGET_NAME)";
				SWIFT_VERSION = 5.0;
				TARGETED_DEVICE_FAMILY = "1,2";
				TEST_HOST = "$(BUILT_PRODUCTS_DIR)/Emojional.app/Emojional";
			};
			name = Release;
		};
		18E95CAD22EA347500BE6109 /* Debug */ = {
			isa = XCBuildConfiguration;
			buildSettings = {
				ALWAYS_EMBED_SWIFT_STANDARD_LIBRARIES = YES;
				CODE_SIGN_STYLE = Automatic;
				INFOPLIST_FILE = EmojionalUITests/Info.plist;
				LD_RUNPATH_SEARCH_PATHS = (
					"$(inherited)",
					"@executable_path/Frameworks",
					"@loader_path/Frameworks",
				);
				PRODUCT_BUNDLE_IDENTIFIER = Sharayu.EmojionalUITests;
				PRODUCT_NAME = "$(TARGET_NAME)";
				SWIFT_VERSION = 5.0;
				TARGETED_DEVICE_FAMILY = "1,2";
				TEST_TARGET_NAME = Emojional;
			};
			name = Debug;
		};
		18E95CAE22EA347500BE6109 /* Release */ = {
			isa = XCBuildConfiguration;
			buildSettings = {
				ALWAYS_EMBED_SWIFT_STANDARD_LIBRARIES = YES;
				CODE_SIGN_STYLE = Automatic;
				INFOPLIST_FILE = EmojionalUITests/Info.plist;
				LD_RUNPATH_SEARCH_PATHS = (
					"$(inherited)",
					"@executable_path/Frameworks",
					"@loader_path/Frameworks",
				);
				PRODUCT_BUNDLE_IDENTIFIER = Sharayu.EmojionalUITests;
				PRODUCT_NAME = "$(TARGET_NAME)";
				SWIFT_VERSION = 5.0;
				TARGETED_DEVICE_FAMILY = "1,2";
				TEST_TARGET_NAME = Emojional;
			};
			name = Release;
		};
/* End XCBuildConfiguration section */

/* Begin XCConfigurationList section */
		18E95C7922EA347300BE6109 /* Build configuration list for PBXProject "Emojional" */ = {
			isa = XCConfigurationList;
			buildConfigurations = (
				18E95CA422EA347500BE6109 /* Debug */,
				18E95CA522EA347500BE6109 /* Release */,
			);
			defaultConfigurationIsVisible = 0;
			defaultConfigurationName = Release;
		};
		18E95CA622EA347500BE6109 /* Build configuration list for PBXNativeTarget "Emojional" */ = {
			isa = XCConfigurationList;
			buildConfigurations = (
				18E95CA722EA347500BE6109 /* Debug */,
				18E95CA822EA347500BE6109 /* Release */,
			);
			defaultConfigurationIsVisible = 0;
			defaultConfigurationName = Release;
		};
		18E95CA922EA347500BE6109 /* Build configuration list for PBXNativeTarget "EmojionalTests" */ = {
			isa = XCConfigurationList;
			buildConfigurations = (
				18E95CAA22EA347500BE6109 /* Debug */,
				18E95CAB22EA347500BE6109 /* Release */,
			);
			defaultConfigurationIsVisible = 0;
			defaultConfigurationName = Release;
		};
		18E95CAC22EA347500BE6109 /* Build configuration list for PBXNativeTarget "EmojionalUITests" */ = {
			isa = XCConfigurationList;
			buildConfigurations = (
				18E95CAD22EA347500BE6109 /* Debug */,
				18E95CAE22EA347500BE6109 /* Release */,
			);
			defaultConfigurationIsVisible = 0;
			defaultConfigurationName = Release;
		};
/* End XCConfigurationList section */
	};
	rootObject = 18E95C7622EA347300BE6109 /* Project object */;
}
